
Microsoft Visual Studio Solution File, Format Version 12.00
# Visual Studio Version 16
VisualStudioVersion = 16.0.28917.181
MinimumVisualStudioVersion = 10.0.40219.1
Project("{FAE04EC0-301F-11D3-BF4B-00C04F79EFBC}") = "CardTrain", "CardTrain\CardTrain.csproj", "{E43A6580-D761-4CC8-A5DB-37167F51C638}"
EndProject
Global
	GlobalSection(SolutionConfigurationPlatforms) = preSolution
		Debug|Any CPU = Debug|Any CPU
		Release|Any CPU = Release|Any CPU
	EndGlobalSection
	GlobalSection(ProjectConfigurationPlatforms) = postSolution
		{E43A6580-D761-4CC8-A5DB-37167F51C638}.Debug|Any CPU.ActiveCfg = Debug|Any CPU
		{E43A6580-D761-4CC8-A5DB-37167F51C638}.Debug|Any CPU.Build.0 = Debug|Any CPU
		{E43A6580-D761-4CC8-A5DB-37167F51C638}.Release|Any CPU.ActiveCfg = Release|Any CPU
		{E43A6580-D761-4CC8-A5DB-37167F51C638}.Release|Any CPU.Build.0 = Release|Any CPU
	EndGlobalSection
	GlobalSection(SolutionProperties) = preSolution
		HideSolutionNode = FALSE
	EndGlobalSection
	GlobalSection(ExtensibilityGlobals) = postSolution
		SolutionGuid = {A9B5267E-A496-4290-AA6A-CDBB363E22FB}
	EndGlobalSection
EndGlobal
