
Microsoft Visual Studio Solution File, Format Version 12.00
# Visual Studio Version 16
VisualStudioVersion = 16.0.28917.181
MinimumVisualStudioVersion = 10.0.40219.1
Project("{FAE04EC0-301F-11D3-BF4B-00C04F79EFBC}") = "Sales-spike", "Sales-spike\Sales-spike.csproj", "{834F6322-A59F-4642-8B6F-7E07E6E2BE45}"
EndProject
Global
	GlobalSection(SolutionConfigurationPlatforms) = preSolution
		Debug|Any CPU = Debug|Any CPU
		Release|Any CPU = Release|Any CPU
	EndGlobalSection
	GlobalSection(ProjectConfigurationPlatforms) = postSolution
		{834F6322-A59F-4642-8B6F-7E07E6E2BE45}.Debug|Any CPU.ActiveCfg = Debug|Any CPU
		{834F6322-A59F-4642-8B6F-7E07E6E2BE45}.Debug|Any CPU.Build.0 = Debug|Any CPU
		{834F6322-A59F-4642-8B6F-7E07E6E2BE45}.Release|Any CPU.ActiveCfg = Release|Any CPU
		{834F6322-A59F-4642-8B6F-7E07E6E2BE45}.Release|Any CPU.Build.0 = Release|Any CPU
	EndGlobalSection
	GlobalSection(SolutionProperties) = preSolution
		HideSolutionNode = FALSE
	EndGlobalSection
	GlobalSection(ExtensibilityGlobals) = postSolution
		SolutionGuid = {7EC219EC-FCD0-43B2-ADDB-766B1B97A18B}
	EndGlobalSection
EndGlobal
